
Microsoft Visual Studio Solution File, Format Version 12.00
# Visual Studio Version 17
VisualStudioVersion = 17.3.32811.315
MinimumVisualStudioVersion = 10.0.40219.1
Project("{FAE04EC0-301F-11D3-BF4B-00C04F79EFBC}") = "lista 2", "lista 2\lista 2.csproj", "{AD47421A-A0A7-4005-A1F6-E5B69E523C93}"
EndProject
Global
	GlobalSection(SolutionConfigurationPlatforms) = preSolution
		Debug|Any CPU = Debug|Any CPU
		Release|Any CPU = Release|Any CPU
	EndGlobalSection
	GlobalSection(ProjectConfigurationPlatforms) = postSolution
		{AD47421A-A0A7-4005-A1F6-E5B69E523C93}.Debug|Any CPU.ActiveCfg = Debug|Any CPU
		{AD47421A-A0A7-4005-A1F6-E5B69E523C93}.Debug|Any CPU.Build.0 = Debug|Any CPU
		{AD47421A-A0A7-4005-A1F6-E5B69E523C93}.Release|Any CPU.ActiveCfg = Release|Any CPU
		{AD47421A-A0A7-4005-A1F6-E5B69E523C93}.Release|Any CPU.Build.0 = Release|Any CPU
	EndGlobalSection
	GlobalSection(SolutionProperties) = preSolution
		HideSolutionNode = FALSE
	EndGlobalSection
	GlobalSection(ExtensibilityGlobals) = postSolution
		SolutionGuid = {E0C99E02-5AB3-476E-A3B8-9D2A3767FF0A}
	EndGlobalSection
EndGlobal
